
Microsoft Visual Studio Solution File, Format Version 12.00
# Visual Studio Version 17
VisualStudioVersion = 17.3.32825.248
MinimumVisualStudioVersion = 10.0.40219.1
Project("{9A19103F-16F7-4668-BE54-9A1E7A4F7556}") = "PruebaTecnicaMarzan", "PruebaTecnicaMarzan\PruebaTecnicaMarzan.csproj", "{9E00242F-CB18-46C4-9762-533B20DE1971}"
EndProject
Project("{FAE04EC0-301F-11D3-BF4B-00C04F79EFBC}") = "PruebaTecnicaMarzan.Model", "PruebaTecnicaMarzan.Models\PruebaTecnicaMarzan.Model.csproj", "{53230F13-97A8-445F-96D2-D9D411E7CC82}"
EndProject
Project("{FAE04EC0-301F-11D3-BF4B-00C04F79EFBC}") = "PruebaTecnicaMarzan.Data", "PruebaTecnicaMarzan.Data\PruebaTecnicaMarzan.Data.csproj", "{7B96949E-89FC-40A6-B45E-F6F781093257}"
EndProject
Global
	GlobalSection(SolutionConfigurationPlatforms) = preSolution
		Debug|Any CPU = Debug|Any CPU
		Release|Any CPU = Release|Any CPU
	EndGlobalSection
	GlobalSection(ProjectConfigurationPlatforms) = postSolution
		{9E00242F-CB18-46C4-9762-533B20DE1971}.Debug|Any CPU.ActiveCfg = Debug|Any CPU
		{9E00242F-CB18-46C4-9762-533B20DE1971}.Debug|Any CPU.Build.0 = Debug|Any CPU
		{9E00242F-CB18-46C4-9762-533B20DE1971}.Release|Any CPU.ActiveCfg = Release|Any CPU
		{9E00242F-CB18-46C4-9762-533B20DE1971}.Release|Any CPU.Build.0 = Release|Any CPU
		{53230F13-97A8-445F-96D2-D9D411E7CC82}.Debug|Any CPU.ActiveCfg = Debug|Any CPU
		{53230F13-97A8-445F-96D2-D9D411E7CC82}.Debug|Any CPU.Build.0 = Debug|Any CPU
		{53230F13-97A8-445F-96D2-D9D411E7CC82}.Release|Any CPU.ActiveCfg = Release|Any CPU
		{53230F13-97A8-445F-96D2-D9D411E7CC82}.Release|Any CPU.Build.0 = Release|Any CPU
		{7B96949E-89FC-40A6-B45E-F6F781093257}.Debug|Any CPU.ActiveCfg = Debug|Any CPU
		{7B96949E-89FC-40A6-B45E-F6F781093257}.Debug|Any CPU.Build.0 = Debug|Any CPU
		{7B96949E-89FC-40A6-B45E-F6F781093257}.Release|Any CPU.ActiveCfg = Release|Any CPU
		{7B96949E-89FC-40A6-B45E-F6F781093257}.Release|Any CPU.Build.0 = Release|Any CPU
	EndGlobalSection
	GlobalSection(SolutionProperties) = preSolution
		HideSolutionNode = FALSE
	EndGlobalSection
	GlobalSection(ExtensibilityGlobals) = postSolution
		SolutionGuid = {EE78AC7C-3A86-4106-B696-F6A56518D9DB}
	EndGlobalSection
EndGlobal
